
Microsoft Visual Studio Solution File, Format Version 12.00
# Visual Studio Version 16
VisualStudioVersion = 16.0.29409.12
MinimumVisualStudioVersion = 10.0.40219.1
Project("{FAE04EC0-301F-11D3-BF4B-00C04F79EFBC}") = "Aerial", "Aerial\Aerial.csproj", "{6198E705-24CB-465F-B814-9C9B0900069D}"
EndProject
Project("{FAE04EC0-301F-11D3-BF4B-00C04F79EFBC}") = "Astronaut", "Astronaut\Astronaut.csproj", "{E5E8E947-2EDD-41C4-B927-BCF4D891106F}"
EndProject
Global
	GlobalSection(SolutionConfigurationPlatforms) = preSolution
		Debug|Any CPU = Debug|Any CPU
		Release|Any CPU = Release|Any CPU
	EndGlobalSection
	GlobalSection(ProjectConfigurationPlatforms) = postSolution
		{6198E705-24CB-465F-B814-9C9B0900069D}.Debug|Any CPU.ActiveCfg = Debug|Any CPU
		{6198E705-24CB-465F-B814-9C9B0900069D}.Debug|Any CPU.Build.0 = Debug|Any CPU
		{6198E705-24CB-465F-B814-9C9B0900069D}.Release|Any CPU.ActiveCfg = Release|Any CPU
		{6198E705-24CB-465F-B814-9C9B0900069D}.Release|Any CPU.Build.0 = Release|Any CPU
		{E5E8E947-2EDD-41C4-B927-BCF4D891106F}.Debug|Any CPU.ActiveCfg = Debug|Any CPU
		{E5E8E947-2EDD-41C4-B927-BCF4D891106F}.Debug|Any CPU.Build.0 = Debug|Any CPU
		{E5E8E947-2EDD-41C4-B927-BCF4D891106F}.Release|Any CPU.ActiveCfg = Release|Any CPU
		{E5E8E947-2EDD-41C4-B927-BCF4D891106F}.Release|Any CPU.Build.0 = Release|Any CPU
	EndGlobalSection
	GlobalSection(SolutionProperties) = preSolution
		HideSolutionNode = FALSE
	EndGlobalSection
	GlobalSection(ExtensibilityGlobals) = postSolution
		SolutionGuid = {ED501F30-0831-4272-902F-D5BE890C5ABC}
	EndGlobalSection
EndGlobal
